{
  "object": {
    "pins": [
      {
        "package": "KeychainWrapper",
        "repositoryURL": "https://github.com/pavlovskyive/keychain-wrapper",
        "state": {
          "branch": null,
          "revision": "bd4cd4c110b83931943d04d65e5e5a732cd59a99",
          "version": "1.1.0"
        }
      },
      {
        "package": "NetworkService",
        "repositoryURL": "https://github.com/pavlovskyive/network-service",
        "state": {
          "branch": null,
          "revision": "aa10e7165c711028cdc394e5cfd32bb1a3a3d7c8",
          "version": "1.1.1"
        }
      }
    ]
  },
  "version": 1
}
